# This file is automatically @generated by Cargo.
# It is not intended for manual editing.
version = 4

[[package]]
name = "glob"
version = "0.3.3"
source = "registry+https://github.com/rust-lang/crates.io-index"
checksum = "0cc23270f6e1808e30a928bdc84dea0b9b4136a8bc82338574f23baf47bbd280"

[[package]]
name = "json-builder-macro"
version = "0.0.1"
source = "registry+https://github.com/rust-lang/crates.io-index"
checksum = "90de97f3b813b86733b2be79ff99069b36a1414f34fad252536723415d342ecd"

[[package]]
name = "lines-of-code"
version = "0.0.0"
dependencies = [
 "glob",
 "json-builder-macro",
]
