# This file is automatically @generated by Cargo.
# It is not intended for manual editing.
version = 4

[[package]]
name = "script-runner"
version = "0.1.0"
dependencies = [
 "simple-toml-parser",
]

[[package]]
name = "simple-toml-parser"
version = "0.0.0"
source = "git+https://github.com/kaleidawave/simple-toml-parser.git?branch=improvements#6b470cc4c474a55b44e3f946211ad63132b30510"
