{
  "name": "spreadsheet",
  "version": "0.0.0",
  "lockfileVersion": 3,
  "requires": true,
  "packages": {
    "": {
      "name": "spreadsheet",
      "version": "0.0.0",
      "license": "MIT",
      "dependencies": {
        "@bengineering/mathematics-parser": "npm:@jsr/bengineering__mathematics-parser@^0.0.1",
        "ws": "^8.18.3"
      }
    },
    "node_modules/@bengineering/mathematics-parser": {
      "name": "@jsr/bengineering__mathematics-parser",
      "version": "0.0.1",
      "resolved": "https://npm.jsr.io/~/11/@jsr/bengineering__mathematics-parser/0.0.1.tgz",
      "integrity": "sha512-MvzJCQNr5yWZ8hfNNUf+PX2W7VSheQ0RnHVKis0X9Fj2TxLDTrbCwro/6xCYsaKQnPr7VAiQ7a4KELBJ7ogmlg=="
    },
    "node_modules/ws": {
      "version": "8.18.3",
      "resolved": "https://registry.npmjs.org/ws/-/ws-8.18.3.tgz",
      "integrity": "sha512-PEIGCY5tSlUt50cqyMXfCzX+oOPqN0vuGqWzbcJ2xvnkzkq46oOpz7dQaTDBdfICb4N14+GARUDw2XV2N4tvzg==",
      "license": "MIT",
      "engines": {
        "node": ">=10.0.0"
      },
      "peerDependencies": {
        "bufferutil": "^4.0.1",
        "utf-8-validate": ">=5.0.2"
      },
      "peerDependenciesMeta": {
        "bufferutil": {
          "optional": true
        },
        "utf-8-validate": {
          "optional": true
        }
      }
    }
  }
}
