# This file is automatically @generated by Cargo.
# It is not intended for manual editing.
version = 4

[[package]]
name = "benchmarking-tool"
version = "0.0.0"
dependencies = [
 "json-builder-macro",
 "rustc-demangle",
 "sde-output-parser",
]

[[package]]
name = "json-builder-macro"
version = "0.0.3"
source = "registry+https://github.com/rust-lang/crates.io-index"
checksum = "9aa0a35ce526cad28e8487490a9852c420ab24f130587c96a5cb6ba64d9e038d"

[[package]]
name = "rustc-demangle"
version = "0.1.26"
source = "registry+https://github.com/rust-lang/crates.io-index"
checksum = "56f7d92ca342cea22a06f2121d944b4fd82af56988c270852495420f961d4ace"

[[package]]
name = "sde-output-parser"
version = "0.0.0"
